# This file is autogenerated, do not edit; changes may be undone by the next 'dep ensure'.


[[projects]]
  digest = "1:41531922c7f47d5157308b4dd1abc6142c4c583845ce424ed9664db867fa48cf"
  name = "code.cloudfoundry.org/clock"
  packages = [
    ".",
    "fakeclock",
  ]
  pruneopts = "NUT"
  revision = "02e53af36e6c978af692887ed449b74026d76fec"
  version = "1.0.0"

[[projects]]
  branch = "master"
  digest = "1:01b441faa3ff0ad22ace4d3583b2d6d1e27bee4efb8b9024f23c2688b622ed42"
  name = "code.cloudfoundry.org/tlsconfig"
  packages = ["."]
  pruneopts = "NUT"
  revision = "bbe0f8da39b3c59d42217afcc79019c754dabdfb"

[[projects]]
  branch = "master"
  digest = "1:f55c105c8338773397a4eb828807ad02c3f7f3d151bcd536cb57e4cb2f688fc2"
  name = "github.com/Azure/go-ntlmssp"
  packages = ["."]
  pruneopts = "NUT"
  revision = "2b2be6cc8ed4447c970df46eed569febe2fce58f"

[[projects]]
  branch = "master"
  digest = "1:bfb263bfb4a3ad0577ab5310277f47d022478b6d75970a4df5dfdf848d0d7290"
  name = "github.com/ChrisTrenkamp/goxpath"
  packages = [
    ".",
    "internal/execxp",
    "internal/execxp/findutil",
    "internal/execxp/intfns",
    "internal/xsort",
    "lexer",
    "parser",
    "parser/pathexpr",
    "tree",
    "tree/xmltree",
    "tree/xmltree/xmlbuilder",
    "tree/xmltree/xmlele",
    "tree/xmltree/xmlnode",
    "xconst",
  ]
  pruneopts = "NUT"
  revision = "c5096ec8773dd9f554971472081ddfbb0782334e"

[[projects]]
  digest = "1:4816836c291b7f2a0da7deefa679ef234be8ad845a199ed2e48779234536cefa"
  name = "github.com/Microsoft/go-winio"
  packages = [
    ".",
    "pkg/guid",
  ]
  pruneopts = "NUT"
  revision = "6c72808b55902eae4c5943626030429ff20f3b63"
  version = "v0.4.14"

[[projects]]
  digest = "1:64541c49a1b189d587bec7bf1922030d4f5a1dec0e7bfa811853647d71c2c46d"
  name = "github.com/Microsoft/hcsshim"
  packages = [
    ".",
    "internal/cow",
    "internal/hcs",
    "internal/hcserror",
    "internal/hns",
    "internal/interop",
    "internal/log",
    "internal/logfields",
    "internal/longpath",
    "internal/mergemaps",
    "internal/oc",
    "internal/safefile",
    "internal/schema1",
    "internal/schema2",
    "internal/timeout",
    "internal/vmcompute",
    "internal/wclayer",
    "osversion",
  ]
  pruneopts = "NUT"
  revision = "b3f49c06ffaeef24d09c6c08ec8ec8425a0303e2"
  version = "v0.8.7"

[[projects]]
  digest = "1:db1f64ceacde0c4302dc0de285cc9800949d5e1eaa8982bbd435f3d1f6896f57"
  name = "github.com/bmatcuk/doublestar"
  packages = ["."]
  pruneopts = "NUT"
  revision = "50be492faef103d1904fec6e1019454b07cdb03f"
  version = "v1.2.2"

[[projects]]
  branch = "master"
  digest = "1:58927c45bfdcd6550e5f1ab008eeeb6951474a232afa1dc690583f26c5f92cbd"
  name = "github.com/charlievieth/fs"
  packages = ["."]
  pruneopts = "NUT"
  revision = "7dc373669fa10ddf827c37c595dee30a2f001be9"

[[projects]]
  digest = "1:2c6c2b83cc9e022a7be4d05ea29d0ded7126425445776cc7b8fcabd76e7d51c4"
  name = "github.com/cloudfoundry/bosh-davcli"
  packages = [
    "client",
    "config",
    "signer",
  ]
  pruneopts = "NUT"
  revision = "e06454561427e184e14dca98f979941cb017dc44"
  version = "v0.0.44"

[[projects]]
  digest = "1:9bc795168152263829123afa86b4ec2243d51aec01e89f5bb1d39dd66c5077cd"
  name = "github.com/cloudfoundry/bosh-init"
  packages = ["registry"]
  pruneopts = "NUT"
  revision = "40f263d6fcef060ad71133c5e17362576044cdab"
  version = "v0.0.103"

[[projects]]
  branch = "master"
  digest = "1:163ad1291e45f14dc6f6196c9c1617a4aab9e22c4339097fbeb42f42c6dede9e"
  name = "github.com/cloudfoundry/bosh-utils"
  packages = [
    "assert",
    "blobstore",
    "blobstore/fakes",
    "crypto",
    "errors",
    "fileutil",
    "fileutil/fakes",
    "httpclient",
    "logger",
    "logger/loggerfakes",
    "retrystrategy",
    "retrystrategy/fakes",
    "system",
    "system/fakes",
    "uuid",
    "uuid/fakes",
    "work",
  ]
  pruneopts = "NUT"
  revision = "0af5ba7d2c4657d8be2a151f0c742841d96c4b75"

[[projects]]
  branch = "master"
  digest = "1:3d3a6beb04065e29628f9d4f8fefeca4cc96932a8b0b83a03e9a3405b3538c11"
  name = "github.com/cloudfoundry/go-socks5"
  packages = ["."]
  pruneopts = "NUT"
  revision = "54f73bdb8a8e85a6611d3d29ab9bbf98c2a060d7"

[[projects]]
  digest = "1:ebc9f12423207df88c8587758b3784fbe71f88a0dedc40bb4524d0e840d6b4fc"
  name = "github.com/cloudfoundry/gosigar"
  packages = [
    ".",
    "fakes",
    "sys/windows",
  ]
  pruneopts = "NUT"
  revision = "dcb1afc219e4c99f21c37fb1ec22ed9ffe443317"
  version = "v1.1.0"

[[projects]]
  digest = "1:6422faebc7a4f3c8f58ff0af81002db6bd2f09204d6005611415163091947ad1"
  name = "github.com/cloudfoundry/socks5-proxy"
  packages = ["."]
  pruneopts = "NUT"
  revision = "633b6fe4c3d8d72a4e7397a948027db02a8e2a96"
  version = "v0.2.0"

[[projects]]
  branch = "master"
  digest = "1:476254e7b30169a44ebfdef2518cedcc50fd3d97b21455b6d9f1f5c001899fa1"
  name = "github.com/cloudfoundry/yagnats"
  packages = [
    ".",
    "fakeyagnats",
  ]
  pruneopts = "NUT"
  revision = "5cab3e0999746db050f2adea7d06e013d006b36d"

[[projects]]
  branch = "master"
  digest = "1:96141bea4ceedc105277a48bc1bed612dcd3ae2c6786aa5e68b1872bbd417982"
  name = "github.com/containerd/cgroups"
  packages = ["stats/v1"]
  pruneopts = "NUT"
  revision = "d732e370d46d8d554ed462c41f421a738e5b6d5d"

[[projects]]
  digest = "1:ffe9824d294da03b391f44e1ae8281281b4afc1bdaa9588c9097785e3af10cec"
  name = "github.com/davecgh/go-spew"
  packages = ["spew"]
  pruneopts = "NUT"
  revision = "8991bc29aa16c548c550c7ff78260e27b9ab7c73"
  version = "v1.1.1"

[[projects]]
  digest = "1:bde9f189072512ba353f3641d4839cb4c9c7edf421e467f2c03f267b402bd16c"
  name = "github.com/gofrs/uuid"
  packages = ["."]
  pruneopts = "NUT"
  revision = "6b08a5c5172ba18946672b49749cde22873dd7c2"
  version = "v3.2.0"

[[projects]]
  digest = "1:dc984388f49af46e504fb1a57adb644b9152882e88f8fc3160800b7e7dc352b2"
  name = "github.com/gogo/protobuf"
  packages = [
    "gogoproto",
    "proto",
    "protoc-gen-gogo/descriptor",
  ]
  pruneopts = "NUT"
  revision = "5628607bb4c51c3157aacc3a50f0ab707582b805"
  version = "v1.3.1"

[[projects]]
  branch = "master"
  digest = "1:b7cb6054d3dff43b38ad2e92492f220f57ae6087ee797dca298139776749ace8"
  name = "github.com/golang/groupcache"
  packages = ["lru"]
  pruneopts = "NUT"
  revision = "8c9f03a8e57eb486e42badaed3fb287da51807ba"

[[projects]]
  digest = "1:7ae311278f7ccaa724de8f2cdec0a507ba3ee6dea8c77237e8157bcf64b0f28b"
  name = "github.com/golang/mock"
  packages = ["gomock"]
  pruneopts = "NUT"
  revision = "3dcdcb6994c4de42a73bd2e4790178be3ed4554b"
  version = "v1.4.0"

[[projects]]
  digest = "1:d1e35b720b5f5156502ffdd174000c81295919293735342da78582e4dc7a8bcd"
  name = "github.com/golang/protobuf"
  packages = ["proto"]
  pruneopts = "NUT"
  revision = "d23c5127dc24889085f8ccea5c9d560a57a879d8"
  version = "v1.3.3"

[[projects]]
  branch = "master"
  digest = "1:312c983bebd82e975d9744387025d2e06c7633428bc4f3eb8996b54a8368df46"
  name = "github.com/google/uuid"
  packages = ["."]
  pruneopts = "NUT"
  revision = "c2e93f3ae59f2904160ceaab466009f965df46d6"

[[projects]]
  digest = "1:41933d387bfa3eaa6a82647914ed7044f7b8355764c24fb920892bc8c03ef0c3"
  name = "github.com/hpcloud/tail"
  packages = [
    ".",
    "ratelimiter",
    "util",
    "watch",
    "winfile",
  ]
  pruneopts = "NUT"
  revision = "a30252cb686a21eb2d0b98132633053ec2f7f1e5"
  version = "v1.0.0"

[[projects]]
  digest = "1:ebd0081aed1cd0af2f65a362c0ceea985eae9fe72efb28cefb84eca3b98dd3a3"
  name = "github.com/jpillora/backoff"
  packages = ["."]
  pruneopts = "NUT"
  revision = "8eab2debe79d12b7bd3d10653910df25fa9552ba"
  version = "1.0.0"

[[projects]]
  digest = "1:dae921a7328d7e20912287d561a899398e4d943cfbeb4122dd99333b052400e0"
  name = "github.com/kevinburke/ssh_config"
  packages = ["."]
  pruneopts = "NUT"
  revision = "6cfae18c12b8934b1afba3ce8159476fdef666ba"
  version = "1.0"

[[projects]]
  digest = "1:58999a98719fddbac6303cb17e8d85b945f60b72f48e3a2df6b950b97fa926f1"
  name = "github.com/konsorten/go-windows-terminal-sequences"
  packages = ["."]
  pruneopts = "NUT"
  revision = "f55edac94c9bbba5d6182a4be46d86a2c9b5b50e"
  version = "v1.0.2"

[[projects]]
  branch = "master"
  digest = "1:a7c1ab68a6cdeffcb148dc0d8b92c897f034aa38f58b69eab9bc6e77645b26fb"
  name = "github.com/masterzen/simplexml"
  packages = ["dom"]
  pruneopts = "NUT"
  revision = "31eea30827864c9ab643aa5a0d5b2d4988ec8409"

[[projects]]
  branch = "master"
  digest = "1:2e8ca810eea37d0e4d93dbde09c2868de60c4641710aa12f8228a49b6fe02251"
  name = "github.com/masterzen/winrm"
  packages = [
    ".",
    "soap",
  ]
  pruneopts = "NUT"
  revision = "1d17eaf15943ca3554cdebb3b1b10aaa543a0b7e"

[[projects]]
  digest = "1:0d33e8f4230cafee906332f45cc456ce2b66ac18a1edc40a9c87e3e68682d08b"
  name = "github.com/maxbrunsfeld/counterfeiter"
  packages = [
    ".",
    "arguments",
    "generator",
  ]
  pruneopts = "NUT"
  revision = "2d74a219416bffff638e30a3775c76715f1968a7"
  version = "v6.0.1"

[[projects]]
  digest = "1:a45ae66dea4c899d79fceb116accfa1892105c251f0dcd9a217ddc276b42ec68"
  name = "github.com/mitchellh/mapstructure"
  packages = ["."]
  pruneopts = "NUT"
  revision = "3536a929edddb9a5b34bd6861dc4a9647cb459fe"
  version = "v1.1.2"

[[projects]]
  digest = "1:2a2300e9d1c7eee7b1c7bfab3cba485823c036620e63b68c0bdb2d3ba4ace216"
  name = "github.com/nats-io/jwt"
  packages = ["."]
  pruneopts = "NUT"
  revision = "0c3fc7aed8bb2534e7bfdf0968a75890402d48cd"
  version = "v0.3.2"

[[projects]]
  digest = "1:53dd13051d947d23e742412572352429e6a9a5dccf6d5595e72e627ccef078fc"
  name = "github.com/nats-io/nats"
  packages = ["."]
  pruneopts = "NUT"
  revision = "6063d679d23ae5b3edb4030d5e89a6e30ea53bc6"
  version = "v1.9.1"

[[projects]]
  digest = "1:8fdfe362fb878cfd0740ead278723a92af8668db959cbe3df58d679ac4dff7bd"
  name = "github.com/nats-io/nats.go"
  packages = [
    ".",
    "encoders/builtin",
    "util",
  ]
  pruneopts = "NUT"
  revision = "6063d679d23ae5b3edb4030d5e89a6e30ea53bc6"
  version = "v1.9.1"

[[projects]]
  digest = "1:91fe2d9ad004bbb77a8e14e1141caf5c7cecc612d992084751d6551802f8186b"
  name = "github.com/nats-io/nkeys"
  packages = ["."]
  pruneopts = "NUT"
  revision = "f1930e19b436412202ab130a733187cc6f40ba7e"
  version = "v0.1.3"

[[projects]]
  digest = "1:98d41d5085f44b0baa46a83ca0ca6d8a079f1ffb449ba5a36050ca9019de391c"
  name = "github.com/nats-io/nuid"
  packages = ["."]
  pruneopts = "NUT"
  revision = "4b96681fa6d28dd0ab5fe79bac63b3a493d9ee94"
  version = "v1.0.1"

[[projects]]
  branch = "master"
  digest = "1:16bbae9910129be5a18b951eabacd54414d3faea094dfab92bb3c84884d46b11"
  name = "github.com/nu7hatch/gouuid"
  packages = ["."]
  pruneopts = "NUT"
  revision = "179d4d0c4d8d407a32af483c2354df1d2c91e6c3"

[[projects]]
  digest = "1:0c3685dfb5eeea7eca642c582ef28765ae38d058c0be56c0c08134818949ff17"
  name = "github.com/onsi/ginkgo"
  packages = [
    ".",
    "config",
    "extensions/table",
    "ginkgo",
    "ginkgo/convert",
    "ginkgo/interrupthandler",
    "ginkgo/nodot",
    "ginkgo/testrunner",
    "ginkgo/testsuite",
    "ginkgo/watch",
    "internal/codelocation",
    "internal/containernode",
    "internal/failer",
    "internal/leafnodes",
    "internal/remote",
    "internal/spec",
    "internal/spec_iterator",
    "internal/specrunner",
    "internal/suite",
    "internal/testingtproxy",
    "internal/writer",
    "reporters",
    "reporters/stenographer",
    "reporters/stenographer/support/go-colorable",
    "reporters/stenographer/support/go-isatty",
    "types",
  ]
  pruneopts = "NUT"
  revision = "40598150331533e3cd497f21dcce387dae84b561"
  version = "v1.12.0"

[[projects]]
  digest = "1:ebf3be88d533b1eafffb944d11cf3bfa90f55c0fd1cb7d47d6fe3a1b3fcd3bf0"
  name = "github.com/onsi/gomega"
  packages = [
    ".",
    "format",
    "gbytes",
    "gexec",
    "ghttp",
    "internal/assertion",
    "internal/asyncassertion",
    "internal/oraclematcher",
    "internal/testingtsupport",
    "matchers",
    "matchers/support/goraph/bipartitegraph",
    "matchers/support/goraph/edge",
    "matchers/support/goraph/node",
    "matchers/support/goraph/util",
    "types",
  ]
  pruneopts = "NUT"
  revision = "6be6c439588487cd908a3a700795660c2a16dfec"
  version = "v1.9.0"

[[projects]]
  branch = "master"
  digest = "1:13979d473f6b97aeadb4a882bf4c519324ced3975479e54686e08c3e9e50bc25"
  name = "github.com/pivotal-cf/paraphernalia"
  packages = ["secure/tlsconfig"]
  pruneopts = "NUT"
  revision = "a64ae2051c20c5cde13292a41db01029566134ba"

[[projects]]
  branch = "master"
  digest = "1:d41dbefbd527b80f7885d522b26245cc74253158f228e2b40dec479fb2a2a2f0"
  name = "github.com/pivotal/go-smtpd"
  packages = ["smtpd"]
  pruneopts = "NUT"
  revision = "0af6982457e5e683c4e238a1abf5dcd73b014504"

[[projects]]
  digest = "1:4047c378584616813d610c9f993bf90dd0d07aed8d94bd3bc299cd35ececdcba"
  name = "github.com/pkg/errors"
  packages = ["."]
  pruneopts = "NUT"
  revision = "614d223910a179a466c1767a985424175c39b465"
  version = "v0.9.1"

[[projects]]
  digest = "1:0028cb19b2e4c3112225cd871870f2d9cf49b9b4276531f03438a88e94be86fe"
  name = "github.com/pmezard/go-difflib"
  packages = ["difflib"]
  pruneopts = "NUT"
  revision = "792786c7400a136282c1664665ae0a8db921c6c2"
  version = "v1.0.0"

[[projects]]
  digest = "1:f4aaa07a6c33f2b354726d0571acbc8ca118837c75709f6353203ae1a3f8eeab"
  name = "github.com/sirupsen/logrus"
  packages = ["."]
  pruneopts = "NUT"
  revision = "839c75faf7f98a33d445d181f3018b5c3409a45e"
  version = "v1.4.2"

[[projects]]
  digest = "1:619c0d90a027b62dfc220e66d94522d283e911aac02b1cef4242e3ca7be7b859"
  name = "github.com/stretchr/testify"
  packages = ["assert"]
  pruneopts = "NUT"
  revision = "3ebf1ddaeb260c4b1ae502a01c7844fa8c1fa0e9"
  version = "v1.5.1"

[[projects]]
  digest = "1:2e6b1e2a89a8d2002911658aef7b77e512d80376a19ff564631ae0b0daaf1c9e"
  name = "go.opencensus.io"
  packages = [
    ".",
    "internal",
    "trace",
    "trace/internal",
    "trace/tracestate",
  ]
  pruneopts = "NUT"
  revision = "d835ff86be02193d324330acdb7d65546b05f814"
  version = "v0.22.3"

[[projects]]
  branch = "master"
  digest = "1:c32bb13b0e2c4fa0c108b0f3ffc5752b78ec42a6ce15ac6b5d738df9369687fa"
  name = "golang.org/x/crypto"
  packages = [
    "blowfish",
    "chacha20",
    "curve25519",
    "ed25519",
    "ed25519/internal/edwards25519",
    "internal/subtle",
    "md4",
    "poly1305",
    "ssh",
    "ssh/internal/bcrypt_pbkdf",
  ]
  pruneopts = "NUT"
  revision = "2aa609cf4a9d7d1126360de73b55b6002f9e052a"

[[projects]]
  digest = "1:467bb8fb8fa786448b8d486cd0bb7c1a5577dcd7310441aa02a20110cd9f727d"
  name = "golang.org/x/mod"
  packages = [
    "module",
    "semver",
  ]
  pruneopts = "NUT"
  revision = "ed3ec21bb8e252814c380df79a80f366440ddb2d"
  version = "v0.2.0"

[[projects]]
  branch = "master"
  digest = "1:532252ac3b338b8a61bfc43b798ff16d78d63afecf72e7f86966d386cfa83905"
  name = "golang.org/x/net"
  packages = [
    "context",
    "html",
    "html/atom",
    "html/charset",
    "internal/socks",
    "proxy",
  ]
  pruneopts = "NUT"
  revision = "078779b8f2d83d3faf06633707560018f91a9e82"

[[projects]]
  branch = "master"
  digest = "1:0ad80e35e85c6c2e2cc544ac04b50a6a3098af952e81f9dfb6d4f4e5a09f4adb"
  name = "golang.org/x/sys"
  packages = [
    "cpu",
    "unix",
    "windows",
    "windows/registry",
    "windows/svc",
    "windows/svc/mgr",
  ]
  pruneopts = "NUT"
  revision = "cb0a6d8edb6c3528b01a0be84a5fe513dbf880a6"

[[projects]]
  digest = "1:8a0baffd5559acaa560f854d7d525c02f4fec2d4f8a214398556fb661a10f6e0"
  name = "golang.org/x/text"
  packages = [
    "encoding",
    "encoding/charmap",
    "encoding/htmlindex",
    "encoding/internal",
    "encoding/internal/identifier",
    "encoding/japanese",
    "encoding/korean",
    "encoding/simplifiedchinese",
    "encoding/traditionalchinese",
    "encoding/unicode",
    "internal/gen",
    "internal/language",
    "internal/language/compact",
    "internal/tag",
    "internal/utf8internal",
    "language",
    "runes",
    "transform",
    "unicode/cldr",
  ]
  pruneopts = "NUT"
  revision = "342b2e1fbaa52c93f31447ad2c6abc048c63e475"
  version = "v0.3.2"

[[projects]]
  branch = "master"
  digest = "1:0dc804f6bcf398652de6715a358efc22ea53e28bafc44a25c3c58a5118ea62fe"
  name = "golang.org/x/tools"
  packages = [
    "go/ast/astutil",
    "go/gcexportdata",
    "go/internal/gcimporter",
    "go/internal/packagesdriver",
    "go/packages",
    "go/types/typeutil",
    "imports",
    "internal/fastwalk",
    "internal/gopathwalk",
    "internal/imports",
    "internal/packagesinternal",
  ]
  pruneopts = "NUT"
  revision = "e1da425f72fd3793b579f4e74d908ba96eb16c8a"

[[projects]]
  branch = "master"
  digest = "1:325a1b73817aa79fc85f10376ed41ea607f7dd7f6c6bfa46df6a28ef2857941f"
  name = "golang.org/x/xerrors"
  packages = [
    ".",
    "internal",
  ]
  pruneopts = "NUT"
  revision = "9bdfabe68543c54f90421aeb9a60ef8061b5b544"

[[projects]]
  digest = "1:1b91ae0dc69a41d4c2ed23ea5cffb721ea63f5037ca4b81e6d6771fbb8f45129"
  name = "gopkg.in/fsnotify.v1"
  packages = ["."]
  pruneopts = "NUT"
  revision = "c2828203cd70a50dcccfb2761f8b1f8ceef9a8e9"
  source = "gopkg.in/fsnotify/fsnotify.v1"
  version = "v1.4.7"

[[projects]]
  branch = "v1"
  digest = "1:8fb1ccb16a6cfecbfdfeb84d8ea1cc7afa8f9ef16526bc2326f72d993e32cef1"
  name = "gopkg.in/tomb.v1"
  packages = ["."]
  pruneopts = "NUT"
  revision = "dd632973f1e7218eb1089048e0798ec9ae7dceb8"

[[projects]]
  digest = "1:d9b9ac6943a512737f76bf3d61b08d97121c66686bc02ffc231313563230b468"
  name = "gopkg.in/yaml.v2"
  packages = ["."]
  pruneopts = "NUT"
  revision = "53403b58ad1b561927d19068c655246f2db79d48"
  version = "v2.2.8"

[solve-meta]
  analyzer-name = "dep"
  analyzer-version = 1
  input-imports = [
    "code.cloudfoundry.org/clock",
    "code.cloudfoundry.org/clock/fakeclock",
    "code.cloudfoundry.org/tlsconfig",
    "github.com/Microsoft/hcsshim",
    "github.com/charlievieth/fs",
    "github.com/cloudfoundry/bosh-davcli/client",
    "github.com/cloudfoundry/bosh-davcli/config",
    "github.com/cloudfoundry/bosh-init/registry",
    "github.com/cloudfoundry/bosh-utils/assert",
    "github.com/cloudfoundry/bosh-utils/blobstore",
    "github.com/cloudfoundry/bosh-utils/blobstore/fakes",
    "github.com/cloudfoundry/bosh-utils/crypto",
    "github.com/cloudfoundry/bosh-utils/errors",
    "github.com/cloudfoundry/bosh-utils/fileutil",
    "github.com/cloudfoundry/bosh-utils/fileutil/fakes",
    "github.com/cloudfoundry/bosh-utils/httpclient",
    "github.com/cloudfoundry/bosh-utils/logger",
    "github.com/cloudfoundry/bosh-utils/logger/loggerfakes",
    "github.com/cloudfoundry/bosh-utils/retrystrategy",
    "github.com/cloudfoundry/bosh-utils/retrystrategy/fakes",
    "github.com/cloudfoundry/bosh-utils/system",
    "github.com/cloudfoundry/bosh-utils/system/fakes",
    "github.com/cloudfoundry/bosh-utils/uuid",
    "github.com/cloudfoundry/bosh-utils/uuid/fakes",
    "github.com/cloudfoundry/bosh-utils/work",
    "github.com/cloudfoundry/gosigar",
    "github.com/cloudfoundry/gosigar/fakes",
    "github.com/cloudfoundry/yagnats",
    "github.com/cloudfoundry/yagnats/fakeyagnats",
    "github.com/gofrs/uuid",
    "github.com/golang/mock/gomock",
    "github.com/google/uuid",
    "github.com/kevinburke/ssh_config",
    "github.com/masterzen/winrm",
    "github.com/maxbrunsfeld/counterfeiter",
    "github.com/mitchellh/mapstructure",
    "github.com/nats-io/nats",
    "github.com/onsi/ginkgo",
    "github.com/onsi/ginkgo/extensions/table",
    "github.com/onsi/ginkgo/ginkgo",
    "github.com/onsi/gomega",
    "github.com/onsi/gomega/format",
    "github.com/onsi/gomega/gbytes",
    "github.com/onsi/gomega/gexec",
    "github.com/onsi/gomega/ghttp",
    "github.com/onsi/gomega/types",
    "github.com/pivotal/go-smtpd/smtpd",
    "github.com/pkg/errors",
    "github.com/stretchr/testify/assert",
    "golang.org/x/crypto/ssh",
    "golang.org/x/net/html/charset",
    "golang.org/x/sys/windows",
    "golang.org/x/sys/windows/registry",
    "golang.org/x/sys/windows/svc",
    "golang.org/x/sys/windows/svc/mgr",
  ]
  solver-name = "gps-cdcl"
  solver-version = 1
