# This file is autogenerated, do not edit; changes may be undone by the next 'dep ensure'.


[[projects]]
  digest = "1:41531922c7f47d5157308b4dd1abc6142c4c583845ce424ed9664db867fa48cf"
  name = "code.cloudfoundry.org/clock"
  packages = [
    ".",
    "fakeclock",
  ]
  pruneopts = "NUT"
  revision = "02e53af36e6c978af692887ed449b74026d76fec"
  version = "1.0.0"

[[projects]]
  branch = "master"
  digest = "1:01b441faa3ff0ad22ace4d3583b2d6d1e27bee4efb8b9024f23c2688b622ed42"
  name = "code.cloudfoundry.org/tlsconfig"
  packages = ["."]
  pruneopts = "NUT"
  revision = "bbe0f8da39b3c59d42217afcc79019c754dabdfb"

[[projects]]
  branch = "master"
  digest = "1:c5a8c141f8ead5a7c07a36596c3c20edf52a6642b34c85f3124a6a50f4e66df7"
  name = "github.com/Azure/go-ntlmssp"
  packages = ["."]
  pruneopts = "NUT"
  revision = "66371956d46c8e2133a2b72b3d320e435465011f"

[[projects]]
  branch = "master"
  digest = "1:bfb263bfb4a3ad0577ab5310277f47d022478b6d75970a4df5dfdf848d0d7290"
  name = "github.com/ChrisTrenkamp/goxpath"
  packages = [
    ".",
    "internal/execxp",
    "internal/execxp/findutil",
    "internal/execxp/intfns",
    "internal/xsort",
    "lexer",
    "parser",
    "parser/pathexpr",
    "tree",
    "tree/xmltree",
    "tree/xmltree/xmlbuilder",
    "tree/xmltree/xmlele",
    "tree/xmltree/xmlnode",
    "xconst",
  ]
  pruneopts = "NUT"
  revision = "c5096ec8773dd9f554971472081ddfbb0782334e"

[[projects]]
  digest = "1:135be330e88d9185a605d9c8d5a5a885028beaa2e105855cdeb5605deb9feff9"
  name = "github.com/Microsoft/go-winio"
  packages = [
    ".",
    "pkg/guid",
    "vhd",
  ]
  pruneopts = "NUT"
  revision = "6c72808b55902eae4c5943626030429ff20f3b63"
  version = "v0.4.14"

[[projects]]
  digest = "1:f2c289384207c0d767eb958f22b34e14adb8b69d86d81ed77bba7d0b72ac5dac"
  name = "github.com/Microsoft/hcsshim"
  packages = [
    ".",
    "internal/cow",
    "internal/hcs",
    "internal/hcserror",
    "internal/hns",
    "internal/interop",
    "internal/log",
    "internal/logfields",
    "internal/longpath",
    "internal/mergemaps",
    "internal/oc",
    "internal/safefile",
    "internal/schema1",
    "internal/schema2",
    "internal/timeout",
    "internal/vmcompute",
    "internal/wclayer",
    "osversion",
  ]
  pruneopts = "NUT"
  revision = "5bc557dd210ff2caf615e6e22d398123de77fc11"
  version = "v0.8.9"

[[projects]]
  digest = "1:bab9bb2c800328fcd24192210229808c748a6af39c1f95900061501003fabb5b"
  name = "github.com/bmatcuk/doublestar"
  packages = ["."]
  pruneopts = "NUT"
  revision = "5cf9061c537e876f6647559ac1a0624115c86b3a"
  version = "v1.3.2"

[[projects]]
  branch = "master"
  digest = "1:58927c45bfdcd6550e5f1ab008eeeb6951474a232afa1dc690583f26c5f92cbd"
  name = "github.com/charlievieth/fs"
  packages = ["."]
  pruneopts = "NUT"
  revision = "7dc373669fa10ddf827c37c595dee30a2f001be9"

[[projects]]
  digest = "1:2c6c2b83cc9e022a7be4d05ea29d0ded7126425445776cc7b8fcabd76e7d51c4"
  name = "github.com/cloudfoundry/bosh-davcli"
  packages = [
    "client",
    "config",
    "signer",
  ]
  pruneopts = "NUT"
  revision = "e06454561427e184e14dca98f979941cb017dc44"
  version = "v0.0.44"

[[projects]]
  digest = "1:9bc795168152263829123afa86b4ec2243d51aec01e89f5bb1d39dd66c5077cd"
  name = "github.com/cloudfoundry/bosh-init"
  packages = ["registry"]
  pruneopts = "NUT"
  revision = "40f263d6fcef060ad71133c5e17362576044cdab"
  version = "v0.0.103"

[[projects]]
  branch = "master"
  digest = "1:5be6a919ee5ea9914f8b9fa31f9b87a7e361f573ea111a21422153ebd08db6fa"
  name = "github.com/cloudfoundry/bosh-utils"
  packages = [
    "assert",
    "blobstore",
    "blobstore/fakes",
    "crypto",
    "errors",
    "fileutil",
    "fileutil/fakes",
    "httpclient",
    "logger",
    "logger/loggerfakes",
    "retrystrategy",
    "retrystrategy/fakes",
    "system",
    "system/fakes",
    "uuid",
    "uuid/fakes",
    "work",
  ]
  pruneopts = "NUT"
  revision = "5c0a36794da851aa03a390d5924c03e2faeb3d88"

[[projects]]
  branch = "master"
  digest = "1:3d3a6beb04065e29628f9d4f8fefeca4cc96932a8b0b83a03e9a3405b3538c11"
  name = "github.com/cloudfoundry/go-socks5"
  packages = ["."]
  pruneopts = "NUT"
  revision = "54f73bdb8a8e85a6611d3d29ab9bbf98c2a060d7"

[[projects]]
  digest = "1:ebc9f12423207df88c8587758b3784fbe71f88a0dedc40bb4524d0e840d6b4fc"
  name = "github.com/cloudfoundry/gosigar"
  packages = [
    ".",
    "fakes",
    "sys/windows",
  ]
  pruneopts = "NUT"
  revision = "dcb1afc219e4c99f21c37fb1ec22ed9ffe443317"
  version = "v1.1.0"

[[projects]]
  digest = "1:6422faebc7a4f3c8f58ff0af81002db6bd2f09204d6005611415163091947ad1"
  name = "github.com/cloudfoundry/socks5-proxy"
  packages = ["."]
  pruneopts = "NUT"
  revision = "633b6fe4c3d8d72a4e7397a948027db02a8e2a96"
  version = "v0.2.0"

[[projects]]
  branch = "master"
  digest = "1:476254e7b30169a44ebfdef2518cedcc50fd3d97b21455b6d9f1f5c001899fa1"
  name = "github.com/cloudfoundry/yagnats"
  packages = [
    ".",
    "fakeyagnats",
  ]
  pruneopts = "NUT"
  revision = "5cab3e0999746db050f2adea7d06e013d006b36d"

[[projects]]
  branch = "master"
  digest = "1:0a46c3d88da8490b625931635ba17952c39bf725ac82c54be35fe706189b92d9"
  name = "github.com/containerd/cgroups"
  packages = ["stats/v1"]
  pruneopts = "NUT"
  revision = "0b889c03f102012f1d93a97ddd3ef71cd6f4f510"

[[projects]]
  digest = "1:ffe9824d294da03b391f44e1ae8281281b4afc1bdaa9588c9097785e3af10cec"
  name = "github.com/davecgh/go-spew"
  packages = ["spew"]
  pruneopts = "NUT"
  revision = "8991bc29aa16c548c550c7ff78260e27b9ab7c73"
  version = "v1.1.1"

[[projects]]
  digest = "1:0914bf7efc3e3052163e92b859a89f3b407ad353d7c3b7f59a1bbb4fd05bb25d"
  name = "github.com/fsnotify/fsnotify"
  packages = ["."]
  pruneopts = "NUT"
  revision = "45d7d09e39ef4ac08d493309fa031790c15bfe8a"
  version = "v1.4.9"

[[projects]]
  digest = "1:fddde6fd7d33141d23cedcfea6197fdb17e867b8791aaa84aab54ae42f25ffbb"
  name = "github.com/gofrs/uuid"
  packages = ["."]
  pruneopts = "NUT"
  revision = "abfe1881e60ef34074c1b8d8c63b42565c356ed6"
  version = "v3.3.0"

[[projects]]
  digest = "1:dc984388f49af46e504fb1a57adb644b9152882e88f8fc3160800b7e7dc352b2"
  name = "github.com/gogo/protobuf"
  packages = [
    "gogoproto",
    "proto",
    "protoc-gen-gogo/descriptor",
  ]
  pruneopts = "NUT"
  revision = "5628607bb4c51c3157aacc3a50f0ab707582b805"
  version = "v1.3.1"

[[projects]]
  branch = "master"
  digest = "1:b7cb6054d3dff43b38ad2e92492f220f57ae6087ee797dca298139776749ace8"
  name = "github.com/golang/groupcache"
  packages = ["lru"]
  pruneopts = "NUT"
  revision = "8c9f03a8e57eb486e42badaed3fb287da51807ba"

[[projects]]
  digest = "1:7ae311278f7ccaa724de8f2cdec0a507ba3ee6dea8c77237e8157bcf64b0f28b"
  name = "github.com/golang/mock"
  packages = ["gomock"]
  pruneopts = "NUT"
  revision = "f7b1909c82a8958747e5c87c6a5c3b2eaed8a33d"
  version = "v1.4.4"

[[projects]]
  digest = "1:9e1f58e0d3991f12e7b532161f56dc12c633fb01802ec60520d877599c2af2c5"
  name = "github.com/golang/protobuf"
  packages = ["proto"]
  pruneopts = "NUT"
  revision = "d04d7b157bb510b1e0c10132224b616ac0e26b17"
  version = "v1.4.2"

[[projects]]
  branch = "master"
  digest = "1:653085796b580bbe8a516d4ccdac890f57bc568bb1a68da02eefca8d087ea130"
  name = "github.com/google/uuid"
  packages = ["."]
  pruneopts = "NUT"
  revision = "0e4e31197428a347842d152773b4cace4645ca25"

[[projects]]
  digest = "1:ebd0081aed1cd0af2f65a362c0ceea985eae9fe72efb28cefb84eca3b98dd3a3"
  name = "github.com/jpillora/backoff"
  packages = ["."]
  pruneopts = "NUT"
  revision = "8eab2debe79d12b7bd3d10653910df25fa9552ba"
  version = "1.0.0"

[[projects]]
  digest = "1:dae921a7328d7e20912287d561a899398e4d943cfbeb4122dd99333b052400e0"
  name = "github.com/kevinburke/ssh_config"
  packages = ["."]
  pruneopts = "NUT"
  revision = "6cfae18c12b8934b1afba3ce8159476fdef666ba"
  version = "1.0"

[[projects]]
  digest = "1:a3998f85665bdf805d519735e658c0e0125bd67b57bb15e414a5a9e360e32455"
  name = "github.com/konsorten/go-windows-terminal-sequences"
  packages = ["."]
  pruneopts = "NUT"
  revision = "edb144dfd453055e1e49a3d8b410a660b5a87613"
  version = "v1.0.3"

[[projects]]
  branch = "master"
  digest = "1:a7c1ab68a6cdeffcb148dc0d8b92c897f034aa38f58b69eab9bc6e77645b26fb"
  name = "github.com/masterzen/simplexml"
  packages = ["dom"]
  pruneopts = "NUT"
  revision = "31eea30827864c9ab643aa5a0d5b2d4988ec8409"

[[projects]]
  branch = "master"
  digest = "1:10f1aabb8a57c947ccd886a789bcc2a4716aacb77d7a4077ae2f2680f9d06c9a"
  name = "github.com/masterzen/winrm"
  packages = [
    ".",
    "soap",
  ]
  pruneopts = "NUT"
  revision = "c42b5136ff886aff9dba40fb3670281f0d583db8"

[[projects]]
  digest = "1:0d33e8f4230cafee906332f45cc456ce2b66ac18a1edc40a9c87e3e68682d08b"
  name = "github.com/maxbrunsfeld/counterfeiter"
  packages = [
    ".",
    "arguments",
    "generator",
  ]
  pruneopts = "NUT"
  revision = "2d74a219416bffff638e30a3775c76715f1968a7"
  version = "v6.0.1"

[[projects]]
  digest = "1:40709da827caf66d1421f7e7251ed840c1c04423597041332d01797403280e49"
  name = "github.com/mitchellh/mapstructure"
  packages = ["."]
  pruneopts = "NUT"
  revision = "9e1e4717f8567d7ead72d070d064ad17d444a67e"
  version = "v1.3.3"

[[projects]]
  digest = "1:5d2b1851a6e6181a0bb7acb3ffc06cdfc3493db33dd1f3e79e9396cd736c1bf4"
  name = "github.com/nats-io/jwt"
  packages = ["."]
  pruneopts = "NUT"
  revision = "8527407e521556b9f0253318912cc03fd84a5bbd"
  version = "v1.0.1"

[[projects]]
  digest = "1:9ec39fd1362e23fdf1d264b02a9212bc6fd1b7a5b1878bbcb533abbd144ca6c6"
  name = "github.com/nats-io/nats"
  packages = ["."]
  pruneopts = "NUT"
  revision = "120703c6d80965e2f1e7a542c88dc574987b17e1"
  version = "v1.10.0"

[[projects]]
  digest = "1:1a7ee874de8d625b2da81146ad7f45b779e2c6f45db6bbd9b6144c1d010a5f1d"
  name = "github.com/nats-io/nats.go"
  packages = [
    ".",
    "encoders/builtin",
    "util",
  ]
  pruneopts = "NUT"
  revision = "120703c6d80965e2f1e7a542c88dc574987b17e1"
  version = "v1.10.0"

[[projects]]
  digest = "1:eeb72dd72f45b06d955cb768e0bd6ea3da7253c5444ce91cf2d5b9ed780254d5"
  name = "github.com/nats-io/nkeys"
  packages = ["."]
  pruneopts = "NUT"
  revision = "3653aeb9baf610b5d160bbafc89e3470a47e08c8"
  version = "v0.2.0"

[[projects]]
  digest = "1:98d41d5085f44b0baa46a83ca0ca6d8a079f1ffb449ba5a36050ca9019de391c"
  name = "github.com/nats-io/nuid"
  packages = ["."]
  pruneopts = "NUT"
  revision = "4b96681fa6d28dd0ab5fe79bac63b3a493d9ee94"
  version = "v1.0.1"

[[projects]]
  branch = "master"
  digest = "1:16bbae9910129be5a18b951eabacd54414d3faea094dfab92bb3c84884d46b11"
  name = "github.com/nu7hatch/gouuid"
  packages = ["."]
  pruneopts = "NUT"
  revision = "179d4d0c4d8d407a32af483c2354df1d2c91e6c3"

[[projects]]
  digest = "1:17995b544cdab2ad44419d8c9f551416c63c0fdee5a8b916373188623ed77ea5"
  name = "github.com/nxadm/tail"
  packages = [
    ".",
    "ratelimiter",
    "util",
    "watch",
    "winfile",
  ]
  pruneopts = "NUT"
  revision = "327c577245448d8192115e77a76ea3d6aee88202"
  version = "v1.4.4"

[[projects]]
  digest = "1:e47c0f6ae9106054b6ba64edc37aca055e792b69a120f73e0ffe70d936ee4813"
  name = "github.com/onsi/ginkgo"
  packages = [
    ".",
    "config",
    "extensions/table",
    "ginkgo",
    "ginkgo/convert",
    "ginkgo/interrupthandler",
    "ginkgo/nodot",
    "ginkgo/testrunner",
    "ginkgo/testsuite",
    "ginkgo/watch",
    "internal/codelocation",
    "internal/containernode",
    "internal/failer",
    "internal/global",
    "internal/leafnodes",
    "internal/remote",
    "internal/spec",
    "internal/spec_iterator",
    "internal/specrunner",
    "internal/suite",
    "internal/testingtproxy",
    "internal/writer",
    "reporters",
    "reporters/stenographer",
    "reporters/stenographer/support/go-colorable",
    "reporters/stenographer/support/go-isatty",
    "types",
  ]
  pruneopts = "NUT"
  revision = "6d83527acb3f6cda405ce47a475d480117098381"
  version = "v1.14.1"

[[projects]]
  digest = "1:93d2ac646214dc2d3fd196a667250e3c0d9487bc69273a8343a079183a3748b5"
  name = "github.com/onsi/gomega"
  packages = [
    ".",
    "format",
    "gbytes",
    "gexec",
    "ghttp",
    "internal/assertion",
    "internal/asyncassertion",
    "internal/oraclematcher",
    "internal/testingtsupport",
    "matchers",
    "matchers/support/goraph/bipartitegraph",
    "matchers/support/goraph/edge",
    "matchers/support/goraph/node",
    "matchers/support/goraph/util",
    "types",
  ]
  pruneopts = "NUT"
  revision = "d7eb503b14592ef8cefacd3c9589398c7decaf23"
  version = "v1.10.2"

[[projects]]
  branch = "master"
  digest = "1:13979d473f6b97aeadb4a882bf4c519324ced3975479e54686e08c3e9e50bc25"
  name = "github.com/pivotal-cf/paraphernalia"
  packages = ["secure/tlsconfig"]
  pruneopts = "NUT"
  revision = "a64ae2051c20c5cde13292a41db01029566134ba"

[[projects]]
  branch = "master"
  digest = "1:d41dbefbd527b80f7885d522b26245cc74253158f228e2b40dec479fb2a2a2f0"
  name = "github.com/pivotal/go-smtpd"
  packages = ["smtpd"]
  pruneopts = "NUT"
  revision = "0af6982457e5e683c4e238a1abf5dcd73b014504"

[[projects]]
  digest = "1:4047c378584616813d610c9f993bf90dd0d07aed8d94bd3bc299cd35ececdcba"
  name = "github.com/pkg/errors"
  packages = ["."]
  pruneopts = "NUT"
  revision = "614d223910a179a466c1767a985424175c39b465"
  version = "v0.9.1"

[[projects]]
  digest = "1:0028cb19b2e4c3112225cd871870f2d9cf49b9b4276531f03438a88e94be86fe"
  name = "github.com/pmezard/go-difflib"
  packages = ["difflib"]
  pruneopts = "NUT"
  revision = "792786c7400a136282c1664665ae0a8db921c6c2"
  version = "v1.0.0"

[[projects]]
  digest = "1:1dbbefdedbdb89fc0073bfa0df49e0f117f9d901fe265c24552b72473cc5a650"
  name = "github.com/sirupsen/logrus"
  packages = ["."]
  pruneopts = "NUT"
  revision = "60c74ad9be0d874af0ab0daef6ab07c5c5911f0d"
  version = "v1.6.0"

[[projects]]
  digest = "1:c59bbf7751c26b0fd98789cc8a8bdedc8377a61506537f62874902e597b20fa3"
  name = "github.com/stretchr/testify"
  packages = ["assert"]
  pruneopts = "NUT"
  revision = "f654a9112bbeac49ca2cd45bfbe11533c4666cf8"
  version = "v1.6.1"

[[projects]]
  digest = "1:4746e1f3b9ec9cfdac2ec09e51deb65122bdcad47d2fdb500c2b70da3587ae06"
  name = "go.opencensus.io"
  packages = [
    ".",
    "internal",
    "trace",
    "trace/internal",
    "trace/tracestate",
  ]
  pruneopts = "NUT"
  revision = "5fa069b99bc903d713add0295c7e0a55d34ae573"
  version = "v0.22.4"

[[projects]]
  branch = "master"
  digest = "1:66fff77b659eeb4028f4d2a134e14956ea76c602ca56aab041e727915c798103"
  name = "golang.org/x/crypto"
  packages = [
    "blowfish",
    "chacha20",
    "curve25519",
    "ed25519",
    "ed25519/internal/edwards25519",
    "internal/subtle",
    "md4",
    "poly1305",
    "ssh",
    "ssh/internal/bcrypt_pbkdf",
  ]
  pruneopts = "NUT"
  revision = "5c72a883971a4325f8c62bf07b6d38c20ea47a6a"

[[projects]]
  digest = "1:467bb8fb8fa786448b8d486cd0bb7c1a5577dcd7310441aa02a20110cd9f727d"
  name = "golang.org/x/mod"
  packages = [
    "module",
    "semver",
  ]
  pruneopts = "NUT"
  revision = "859b3ef565e237f9f1a0fb6b55385c497545680d"
  version = "v0.3.0"

[[projects]]
  branch = "master"
  digest = "1:532252ac3b338b8a61bfc43b798ff16d78d63afecf72e7f86966d386cfa83905"
  name = "golang.org/x/net"
  packages = [
    "context",
    "html",
    "html/atom",
    "html/charset",
    "internal/socks",
    "proxy",
  ]
  pruneopts = "NUT"
  revision = "62affa334b73ec65ed44a326519ac12c421905e3"

[[projects]]
  branch = "master"
  digest = "1:eca23a74e06f338bc4ffcb8e838aad0d0dd27daf028f026113f8213720b6779e"
  name = "golang.org/x/sys"
  packages = [
    "cpu",
    "internal/unsafeheader",
    "unix",
    "windows",
    "windows/registry",
    "windows/svc",
    "windows/svc/mgr",
  ]
  pruneopts = "NUT"
  revision = "be1d3432aa8f4fd677757447c4c9e7ff9bf25f73"

[[projects]]
  digest = "1:27f1a11ecfee360418360997a013764fd4da959413ad1a8ac2ea5b38508048fc"
  name = "golang.org/x/text"
  packages = [
    "encoding",
    "encoding/charmap",
    "encoding/htmlindex",
    "encoding/internal",
    "encoding/internal/identifier",
    "encoding/japanese",
    "encoding/korean",
    "encoding/simplifiedchinese",
    "encoding/traditionalchinese",
    "encoding/unicode",
    "internal/gen",
    "internal/language",
    "internal/language/compact",
    "internal/tag",
    "internal/utf8internal",
    "language",
    "runes",
    "transform",
    "unicode/cldr",
  ]
  pruneopts = "NUT"
  revision = "23ae387dee1f90d29a23c0e87ee0b46038fbed0e"
  version = "v0.3.3"

[[projects]]
  branch = "master"
  digest = "1:09c483175f95f974cc2324a43b435d1561eea95ade7c387e7cddeba6f1e9506b"
  name = "golang.org/x/tools"
  packages = [
    "go/ast/astutil",
    "go/gcexportdata",
    "go/internal/gcimporter",
    "go/internal/packagesdriver",
    "go/packages",
    "go/types/typeutil",
    "imports",
    "internal/event",
    "internal/event/core",
    "internal/event/keys",
    "internal/event/label",
    "internal/fastwalk",
    "internal/gocommand",
    "internal/gopathwalk",
    "internal/imports",
    "internal/packagesinternal",
    "internal/typesinternal",
  ]
  pruneopts = "NUT"
  revision = "39188db5885871ea0132a6314eab0c1b5d179a8b"

[[projects]]
  branch = "master"
  digest = "1:325a1b73817aa79fc85f10376ed41ea607f7dd7f6c6bfa46df6a28ef2857941f"
  name = "golang.org/x/xerrors"
  packages = [
    ".",
    "internal",
  ]
  pruneopts = "NUT"
  revision = "5ec99f83aff198f5fbd629d6c8d8eb38a04218ca"

[[projects]]
  digest = "1:cccb3a18e62abaccd19c309fc01a69da2509719f5a453cb2e66969f670503245"
  name = "google.golang.org/protobuf"
  packages = [
    "encoding/prototext",
    "encoding/protowire",
    "internal/descfmt",
    "internal/descopts",
    "internal/detrand",
    "internal/encoding/defval",
    "internal/encoding/messageset",
    "internal/encoding/tag",
    "internal/encoding/text",
    "internal/errors",
    "internal/fieldsort",
    "internal/filedesc",
    "internal/filetype",
    "internal/flags",
    "internal/genid",
    "internal/impl",
    "internal/mapsort",
    "internal/pragma",
    "internal/set",
    "internal/strs",
    "internal/version",
    "proto",
    "reflect/protoreflect",
    "reflect/protoregistry",
    "runtime/protoiface",
    "runtime/protoimpl",
  ]
  pruneopts = "NUT"
  revision = "3f7a61f89bb6813f89d981d1870ed68da0b3c3f1"
  version = "v1.25.0"

[[projects]]
  branch = "v1"
  digest = "1:8fb1ccb16a6cfecbfdfeb84d8ea1cc7afa8f9ef16526bc2326f72d993e32cef1"
  name = "gopkg.in/tomb.v1"
  packages = ["."]
  pruneopts = "NUT"
  revision = "dd632973f1e7218eb1089048e0798ec9ae7dceb8"

[[projects]]
  digest = "1:62a89978829993fb84e755bff5ae0e3d84837228898fd55b1a88a885036e1e51"
  name = "gopkg.in/yaml.v2"
  packages = ["."]
  pruneopts = "NUT"
  revision = "0b1645d91e851e735d3e23330303ce81f70adbe3"
  version = "v2.3.0"

[[projects]]
  branch = "v3"
  digest = "1:c9a53b5be2654e3d1d466419bb389371ff3755220ec3cafd43dd8742fb7aebdd"
  name = "gopkg.in/yaml.v3"
  packages = ["."]
  pruneopts = "NUT"
  revision = "eeeca48fe7764f320e4870d231902bf9c1be2c08"

[solve-meta]
  analyzer-name = "dep"
  analyzer-version = 1
  input-imports = [
    "code.cloudfoundry.org/clock",
    "code.cloudfoundry.org/clock/fakeclock",
    "code.cloudfoundry.org/tlsconfig",
    "github.com/Microsoft/hcsshim",
    "github.com/charlievieth/fs",
    "github.com/cloudfoundry/bosh-davcli/client",
    "github.com/cloudfoundry/bosh-davcli/config",
    "github.com/cloudfoundry/bosh-init/registry",
    "github.com/cloudfoundry/bosh-utils/assert",
    "github.com/cloudfoundry/bosh-utils/blobstore",
    "github.com/cloudfoundry/bosh-utils/blobstore/fakes",
    "github.com/cloudfoundry/bosh-utils/crypto",
    "github.com/cloudfoundry/bosh-utils/errors",
    "github.com/cloudfoundry/bosh-utils/fileutil",
    "github.com/cloudfoundry/bosh-utils/fileutil/fakes",
    "github.com/cloudfoundry/bosh-utils/httpclient",
    "github.com/cloudfoundry/bosh-utils/logger",
    "github.com/cloudfoundry/bosh-utils/logger/loggerfakes",
    "github.com/cloudfoundry/bosh-utils/retrystrategy",
    "github.com/cloudfoundry/bosh-utils/retrystrategy/fakes",
    "github.com/cloudfoundry/bosh-utils/system",
    "github.com/cloudfoundry/bosh-utils/system/fakes",
    "github.com/cloudfoundry/bosh-utils/uuid",
    "github.com/cloudfoundry/bosh-utils/uuid/fakes",
    "github.com/cloudfoundry/bosh-utils/work",
    "github.com/cloudfoundry/gosigar",
    "github.com/cloudfoundry/gosigar/fakes",
    "github.com/cloudfoundry/yagnats",
    "github.com/cloudfoundry/yagnats/fakeyagnats",
    "github.com/gofrs/uuid",
    "github.com/golang/mock/gomock",
    "github.com/google/uuid",
    "github.com/kevinburke/ssh_config",
    "github.com/masterzen/winrm",
    "github.com/maxbrunsfeld/counterfeiter",
    "github.com/mitchellh/mapstructure",
    "github.com/nats-io/nats",
    "github.com/onsi/ginkgo",
    "github.com/onsi/ginkgo/extensions/table",
    "github.com/onsi/ginkgo/ginkgo",
    "github.com/onsi/gomega",
    "github.com/onsi/gomega/format",
    "github.com/onsi/gomega/gbytes",
    "github.com/onsi/gomega/gexec",
    "github.com/onsi/gomega/ghttp",
    "github.com/onsi/gomega/types",
    "github.com/pivotal/go-smtpd/smtpd",
    "github.com/pkg/errors",
    "github.com/stretchr/testify/assert",
    "golang.org/x/crypto/ssh",
    "golang.org/x/net/html/charset",
    "golang.org/x/sys/windows",
    "golang.org/x/sys/windows/registry",
    "golang.org/x/sys/windows/svc",
    "golang.org/x/sys/windows/svc/mgr",
  ]
  solver-name = "gps-cdcl"
  solver-version = 1
