# This file is autogenerated, do not edit; changes may be undone by the next 'dep ensure'.


[[projects]]
  digest = "1:41531922c7f47d5157308b4dd1abc6142c4c583845ce424ed9664db867fa48cf"
  name = "code.cloudfoundry.org/clock"
  packages = [
    ".",
    "fakeclock",
  ]
  pruneopts = "NUT"
  revision = "02e53af36e6c978af692887ed449b74026d76fec"
  version = "1.0.0"

[[projects]]
  branch = "master"
  digest = "1:3d99f16507e2add9e8dd4cd561c2a2928f4650df8924b1f14788db4809502911"
  name = "code.cloudfoundry.org/tlsconfig"
  packages = ["."]
  pruneopts = "NUT"
  revision = "462f72de110612406f0bc2e208bb43810df91b5f"

[[projects]]
  branch = "master"
  digest = "1:b2644fc631c849dc4122f7a33b4462eb9aa5aad165fa6de5fd2a167a46ed6f14"
  name = "github.com/Azure/go-ntlmssp"
  packages = ["."]
  pruneopts = "NUT"
  revision = "4a21cbd618b459155f8b8ee7f4491cd54f5efa77"

[[projects]]
  branch = "master"
  digest = "1:bfb263bfb4a3ad0577ab5310277f47d022478b6d75970a4df5dfdf848d0d7290"
  name = "github.com/ChrisTrenkamp/goxpath"
  packages = [
    ".",
    "internal/execxp",
    "internal/execxp/findutil",
    "internal/execxp/intfns",
    "internal/xsort",
    "lexer",
    "parser",
    "parser/pathexpr",
    "tree",
    "tree/xmltree",
    "tree/xmltree/xmlbuilder",
    "tree/xmltree/xmlele",
    "tree/xmltree/xmlnode",
    "xconst",
  ]
  pruneopts = "NUT"
  revision = "c5096ec8773dd9f554971472081ddfbb0782334e"

[[projects]]
  digest = "1:4816836c291b7f2a0da7deefa679ef234be8ad845a199ed2e48779234536cefa"
  name = "github.com/Microsoft/go-winio"
  packages = [
    ".",
    "pkg/guid",
  ]
  pruneopts = "NUT"
  revision = "6c72808b55902eae4c5943626030429ff20f3b63"
  version = "v0.4.14"

[[projects]]
  digest = "1:a8e16b4caf3575365c9aa3380d9418f31dd0b810596faebfe3a15c37fabeee4a"
  name = "github.com/Microsoft/hcsshim"
  packages = [
    ".",
    "internal/guestrequest",
    "internal/guid",
    "internal/hcs",
    "internal/hcserror",
    "internal/hns",
    "internal/interop",
    "internal/logfields",
    "internal/longpath",
    "internal/mergemaps",
    "internal/safefile",
    "internal/schema1",
    "internal/schema2",
    "internal/timeout",
    "internal/wclayer",
  ]
  pruneopts = "NUT"
  revision = "f92b8fb9c92e17da496af5a69e3ee13fbe9916e1"
  version = "v0.8.6"

[[projects]]
  digest = "1:cc4da1a4c8b7daef975f7bf8d6e47ff7cf467c976ca7f81fbd4c1a397f4d99e9"
  name = "github.com/aws/aws-sdk-go"
  packages = [
    "aws",
    "aws/awserr",
    "aws/awsutil",
    "aws/client",
    "aws/client/metadata",
    "aws/corehandlers",
    "aws/credentials",
    "aws/credentials/ec2rolecreds",
    "aws/credentials/endpointcreds",
    "aws/credentials/processcreds",
    "aws/credentials/stscreds",
    "aws/csm",
    "aws/defaults",
    "aws/ec2metadata",
    "aws/endpoints",
    "aws/request",
    "aws/session",
    "aws/signer/v4",
    "internal/ini",
    "internal/s3err",
    "internal/sdkio",
    "internal/sdkmath",
    "internal/sdkrand",
    "internal/sdkuri",
    "internal/shareddefaults",
    "private/protocol",
    "private/protocol/eventstream",
    "private/protocol/eventstream/eventstreamapi",
    "private/protocol/json/jsonutil",
    "private/protocol/query",
    "private/protocol/query/queryutil",
    "private/protocol/rest",
    "private/protocol/restxml",
    "private/protocol/xml/xmlutil",
    "service/s3",
    "service/s3/s3iface",
    "service/s3/s3manager",
    "service/sts",
    "service/sts/stsiface",
  ]
  pruneopts = "NUT"
  revision = "472ba41213bd699ff50a642b60afd89181d7bb9b"
  version = "v1.25.6"

[[projects]]
  digest = "1:2352f40df77dec05ec853c63c0226a31343490412528e0345a86e46cece28b15"
  name = "github.com/bmatcuk/doublestar"
  packages = ["."]
  pruneopts = "NUT"
  revision = "2437321e1473408f122a95f65df3d8841fec4fba"
  version = "v1.1.5"

[[projects]]
  branch = "master"
  digest = "1:58927c45bfdcd6550e5f1ab008eeeb6951474a232afa1dc690583f26c5f92cbd"
  name = "github.com/charlievieth/fs"
  packages = ["."]
  pruneopts = "NUT"
  revision = "7dc373669fa10ddf827c37c595dee30a2f001be9"

[[projects]]
  digest = "1:2c6c2b83cc9e022a7be4d05ea29d0ded7126425445776cc7b8fcabd76e7d51c4"
  name = "github.com/cloudfoundry/bosh-davcli"
  packages = [
    "client",
    "config",
    "signer",
  ]
  pruneopts = "NUT"
  revision = "e06454561427e184e14dca98f979941cb017dc44"
  version = "v0.0.43"

[[projects]]
  digest = "1:9bc795168152263829123afa86b4ec2243d51aec01e89f5bb1d39dd66c5077cd"
  name = "github.com/cloudfoundry/bosh-init"
  packages = ["registry"]
  pruneopts = "NUT"
  revision = "40f263d6fcef060ad71133c5e17362576044cdab"
  version = "v0.0.103"

[[projects]]
  branch = "master"
  digest = "1:748d6fff02feaca5fe501f5902ed9ab4e1979a562a49f6f58c6239a94d342adf"
  name = "github.com/cloudfoundry/bosh-utils"
  packages = [
    "assert",
    "blobstore",
    "blobstore/fakes",
    "crypto",
    "errors",
    "fileutil",
    "fileutil/fakes",
    "httpclient",
    "logger",
    "logger/loggerfakes",
    "retrystrategy",
    "retrystrategy/fakes",
    "system",
    "system/fakes",
    "uuid",
    "uuid/fakes",
    "work",
  ]
  pruneopts = "NUT"
  revision = "4335459ccbb76e68abfc04866659f1879f0aee91"

[[projects]]
  branch = "master"
  digest = "1:3d3a6beb04065e29628f9d4f8fefeca4cc96932a8b0b83a03e9a3405b3538c11"
  name = "github.com/cloudfoundry/go-socks5"
  packages = ["."]
  pruneopts = "NUT"
  revision = "54f73bdb8a8e85a6611d3d29ab9bbf98c2a060d7"

[[projects]]
  digest = "1:ebc9f12423207df88c8587758b3784fbe71f88a0dedc40bb4524d0e840d6b4fc"
  name = "github.com/cloudfoundry/gosigar"
  packages = [
    ".",
    "fakes",
    "sys/windows",
  ]
  pruneopts = "NUT"
  revision = "dcb1afc219e4c99f21c37fb1ec22ed9ffe443317"
  version = "v1.1.0"

[[projects]]
  digest = "1:6422faebc7a4f3c8f58ff0af81002db6bd2f09204d6005611415163091947ad1"
  name = "github.com/cloudfoundry/socks5-proxy"
  packages = ["."]
  pruneopts = "NUT"
  revision = "633b6fe4c3d8d72a4e7397a948027db02a8e2a96"
  version = "v0.2.0"

[[projects]]
  branch = "master"
  digest = "1:476254e7b30169a44ebfdef2518cedcc50fd3d97b21455b6d9f1f5c001899fa1"
  name = "github.com/cloudfoundry/yagnats"
  packages = [
    ".",
    "fakeyagnats",
  ]
  pruneopts = "NUT"
  revision = "5cab3e0999746db050f2adea7d06e013d006b36d"

[[projects]]
  digest = "1:ffe9824d294da03b391f44e1ae8281281b4afc1bdaa9588c9097785e3af10cec"
  name = "github.com/davecgh/go-spew"
  packages = ["spew"]
  pruneopts = "NUT"
  revision = "8991bc29aa16c548c550c7ff78260e27b9ab7c73"
  version = "v1.1.1"

[[projects]]
  digest = "1:bde9f189072512ba353f3641d4839cb4c9c7edf421e467f2c03f267b402bd16c"
  name = "github.com/gofrs/uuid"
  packages = ["."]
  pruneopts = "NUT"
  revision = "6b08a5c5172ba18946672b49749cde22873dd7c2"
  version = "v3.2.0"

[[projects]]
  digest = "1:be408f349cae090a7c17a279633d6e62b00068e64af66a582cae0983de8890ea"
  name = "github.com/golang/mock"
  packages = ["gomock"]
  pruneopts = "NUT"
  revision = "9fa652df1129bef0e734c9cf9bf6dbae9ef3b9fa"
  version = "1.3.1"

[[projects]]
  digest = "1:573ca21d3669500ff845bdebee890eb7fc7f0f50c59f2132f2a0c6b03d85086a"
  name = "github.com/golang/protobuf"
  packages = ["proto"]
  pruneopts = "NUT"
  revision = "6c65a5562fc06764971b7c5d05c76c75e84bdbf7"
  version = "v1.3.2"

[[projects]]
  branch = "master"
  digest = "1:312c983bebd82e975d9744387025d2e06c7633428bc4f3eb8996b54a8368df46"
  name = "github.com/google/uuid"
  packages = ["."]
  pruneopts = "NUT"
  revision = "c2e93f3ae59f2904160ceaab466009f965df46d6"

[[projects]]
  digest = "1:41933d387bfa3eaa6a82647914ed7044f7b8355764c24fb920892bc8c03ef0c3"
  name = "github.com/hpcloud/tail"
  packages = [
    ".",
    "ratelimiter",
    "util",
    "watch",
    "winfile",
  ]
  pruneopts = "NUT"
  revision = "a30252cb686a21eb2d0b98132633053ec2f7f1e5"
  version = "v1.0.0"

[[projects]]
  digest = "1:1f2aebae7e7c856562355ec0198d8ca2fa222fb05e5b1b66632a1fce39631885"
  name = "github.com/jmespath/go-jmespath"
  packages = ["."]
  pruneopts = "NUT"
  revision = "c2b33e84"

[[projects]]
  digest = "1:dae921a7328d7e20912287d561a899398e4d943cfbeb4122dd99333b052400e0"
  name = "github.com/kevinburke/ssh_config"
  packages = ["."]
  pruneopts = "NUT"
  revision = "6cfae18c12b8934b1afba3ce8159476fdef666ba"
  version = "1.0"

[[projects]]
  digest = "1:58999a98719fddbac6303cb17e8d85b945f60b72f48e3a2df6b950b97fa926f1"
  name = "github.com/konsorten/go-windows-terminal-sequences"
  packages = ["."]
  pruneopts = "NUT"
  revision = "f55edac94c9bbba5d6182a4be46d86a2c9b5b50e"
  version = "v1.0.2"

[[projects]]
  branch = "master"
  digest = "1:a7c1ab68a6cdeffcb148dc0d8b92c897f034aa38f58b69eab9bc6e77645b26fb"
  name = "github.com/masterzen/simplexml"
  packages = ["dom"]
  pruneopts = "NUT"
  revision = "31eea30827864c9ab643aa5a0d5b2d4988ec8409"

[[projects]]
  branch = "master"
  digest = "1:2e8ca810eea37d0e4d93dbde09c2868de60c4641710aa12f8228a49b6fe02251"
  name = "github.com/masterzen/winrm"
  packages = [
    ".",
    "soap",
  ]
  pruneopts = "NUT"
  revision = "1d17eaf15943ca3554cdebb3b1b10aaa543a0b7e"

[[projects]]
  digest = "1:0d33e8f4230cafee906332f45cc456ce2b66ac18a1edc40a9c87e3e68682d08b"
  name = "github.com/maxbrunsfeld/counterfeiter"
  packages = [
    ".",
    "arguments",
    "generator",
  ]
  pruneopts = "NUT"
  revision = "2d74a219416bffff638e30a3775c76715f1968a7"
  version = "v6.0.1"

[[projects]]
  digest = "1:a45ae66dea4c899d79fceb116accfa1892105c251f0dcd9a217ddc276b42ec68"
  name = "github.com/mitchellh/mapstructure"
  packages = ["."]
  pruneopts = "NUT"
  revision = "3536a929edddb9a5b34bd6861dc4a9647cb459fe"
  version = "v1.1.2"

[[projects]]
  digest = "1:c0662de22bd1e15db71b0eb9b4f6ff0fd3fda9fb7848a7f05dca9afbb50e9ee2"
  name = "github.com/nats-io/nats"
  packages = ["."]
  pruneopts = "NUT"
  revision = "e2837a2879e82886f6e21715e3a0217fdc46d370"
  version = "v1.8.1"

[[projects]]
  digest = "1:198f52f16bac13d9338ae08d4ab3d16812e840550146ad6097d22ed5cb395629"
  name = "github.com/nats-io/nats.go"
  packages = [
    ".",
    "encoders/builtin",
    "util",
  ]
  pruneopts = "NUT"
  revision = "e2837a2879e82886f6e21715e3a0217fdc46d370"
  version = "v1.8.1"

[[projects]]
  digest = "1:d649fe8fa50df39a525a9acd9fa73a29f8097272467ca3830a2ebc1abcfb33e3"
  name = "github.com/nats-io/nkeys"
  packages = ["."]
  pruneopts = "NUT"
  revision = "0073b400419be3ffb022ef46b675805e92534a34"
  version = "v0.1.0"

[[projects]]
  digest = "1:98d41d5085f44b0baa46a83ca0ca6d8a079f1ffb449ba5a36050ca9019de391c"
  name = "github.com/nats-io/nuid"
  packages = ["."]
  pruneopts = "NUT"
  revision = "4b96681fa6d28dd0ab5fe79bac63b3a493d9ee94"
  version = "v1.0.1"

[[projects]]
  branch = "master"
  digest = "1:16bbae9910129be5a18b951eabacd54414d3faea094dfab92bb3c84884d46b11"
  name = "github.com/nu7hatch/gouuid"
  packages = ["."]
  pruneopts = "NUT"
  revision = "179d4d0c4d8d407a32af483c2354df1d2c91e6c3"

[[projects]]
  digest = "1:53c18f94a5e63e5fa479a56312c712fd393407bbaa967819a34730b730961763"
  name = "github.com/onsi/ginkgo"
  packages = [
    ".",
    "config",
    "extensions/table",
    "ginkgo",
    "ginkgo/convert",
    "ginkgo/interrupthandler",
    "ginkgo/nodot",
    "ginkgo/testrunner",
    "ginkgo/testsuite",
    "ginkgo/watch",
    "internal/codelocation",
    "internal/containernode",
    "internal/failer",
    "internal/leafnodes",
    "internal/remote",
    "internal/spec",
    "internal/spec_iterator",
    "internal/specrunner",
    "internal/suite",
    "internal/testingtproxy",
    "internal/writer",
    "reporters",
    "reporters/stenographer",
    "reporters/stenographer/support/go-colorable",
    "reporters/stenographer/support/go-isatty",
    "types",
  ]
  pruneopts = "NUT"
  revision = "72b6ab036f78c4bf1a9748c3941dd7c3de54917a"
  version = "v1.10.2"

[[projects]]
  digest = "1:b5ec08263b3a1acfebdd8ffe97dbd938b9d03a23df7c61ba6924ad51c753d824"
  name = "github.com/onsi/gomega"
  packages = [
    ".",
    "format",
    "gbytes",
    "gexec",
    "ghttp",
    "internal/assertion",
    "internal/asyncassertion",
    "internal/oraclematcher",
    "internal/testingtsupport",
    "matchers",
    "matchers/support/goraph/bipartitegraph",
    "matchers/support/goraph/edge",
    "matchers/support/goraph/node",
    "matchers/support/goraph/util",
    "types",
  ]
  pruneopts = "NUT"
  revision = "bdebf9e0ece900259084cfa4121b97ce1a540939"
  version = "v1.7.0"

[[projects]]
  branch = "master"
  digest = "1:13979d473f6b97aeadb4a882bf4c519324ced3975479e54686e08c3e9e50bc25"
  name = "github.com/pivotal-cf/paraphernalia"
  packages = ["secure/tlsconfig"]
  pruneopts = "NUT"
  revision = "a64ae2051c20c5cde13292a41db01029566134ba"

[[projects]]
  branch = "master"
  digest = "1:d41dbefbd527b80f7885d522b26245cc74253158f228e2b40dec479fb2a2a2f0"
  name = "github.com/pivotal/go-smtpd"
  packages = ["smtpd"]
  pruneopts = "NUT"
  revision = "0af6982457e5e683c4e238a1abf5dcd73b014504"

[[projects]]
  digest = "1:14715f705ff5dfe0ffd6571d7d201dd8e921030f8070321a79380d8ca4ec1a24"
  name = "github.com/pkg/errors"
  packages = ["."]
  pruneopts = "NUT"
  revision = "ba968bfe8b2f7e042a574c888954fccecfa385b4"
  version = "v0.8.1"

[[projects]]
  digest = "1:0028cb19b2e4c3112225cd871870f2d9cf49b9b4276531f03438a88e94be86fe"
  name = "github.com/pmezard/go-difflib"
  packages = ["difflib"]
  pruneopts = "NUT"
  revision = "792786c7400a136282c1664665ae0a8db921c6c2"
  version = "v1.0.0"

[[projects]]
  digest = "1:f4aaa07a6c33f2b354726d0571acbc8ca118837c75709f6353203ae1a3f8eeab"
  name = "github.com/sirupsen/logrus"
  packages = ["."]
  pruneopts = "NUT"
  revision = "839c75faf7f98a33d445d181f3018b5c3409a45e"
  version = "v1.4.2"

[[projects]]
  digest = "1:6e7bb8be062d38ec9e9222973e81835554bfa2181b9ab29ff206514bd44fe8d2"
  name = "github.com/stretchr/testify"
  packages = ["assert"]
  pruneopts = "NUT"
  revision = "221dbe5ed46703ee255b1da0dec05086f5035f62"
  version = "v1.4.0"

[[projects]]
  branch = "master"
  digest = "1:cf1b07dfb6b5d6340b7aa244f4c8e9447ec516dfad6412f5a6f1893c4b6233b2"
  name = "golang.org/x/crypto"
  packages = [
    "curve25519",
    "ed25519",
    "ed25519/internal/edwards25519",
    "internal/chacha20",
    "internal/subtle",
    "md4",
    "poly1305",
    "ssh",
  ]
  pruneopts = "NUT"
  revision = "34f69633bfdcf9db92f698f8487115767eebef81"

[[projects]]
  branch = "master"
  digest = "1:47c8654a518e31f950c31d2bceb70ab720c3dd4271587da65493ddd54f3b2f23"
  name = "golang.org/x/net"
  packages = [
    "context",
    "html",
    "html/atom",
    "html/charset",
    "internal/socks",
    "proxy",
  ]
  pruneopts = "NUT"
  revision = "d98b1b4438230571bd7fbc5aaa89843e92937bd3"

[[projects]]
  branch = "master"
  digest = "1:99212a3d2984c5227a4cd26e16ced75e500fcf901efdf063ea4ccee4c4c2a4dc"
  name = "golang.org/x/sys"
  packages = [
    "cpu",
    "unix",
    "windows",
    "windows/registry",
    "windows/svc",
    "windows/svc/mgr",
  ]
  pruneopts = "NUT"
  revision = "c178f38b412c7b426e4e97be2e75d11ff7b8d4d4"

[[projects]]
  digest = "1:8a0baffd5559acaa560f854d7d525c02f4fec2d4f8a214398556fb661a10f6e0"
  name = "golang.org/x/text"
  packages = [
    "encoding",
    "encoding/charmap",
    "encoding/htmlindex",
    "encoding/internal",
    "encoding/internal/identifier",
    "encoding/japanese",
    "encoding/korean",
    "encoding/simplifiedchinese",
    "encoding/traditionalchinese",
    "encoding/unicode",
    "internal/gen",
    "internal/language",
    "internal/language/compact",
    "internal/tag",
    "internal/utf8internal",
    "language",
    "runes",
    "transform",
    "unicode/cldr",
  ]
  pruneopts = "NUT"
  revision = "342b2e1fbaa52c93f31447ad2c6abc048c63e475"
  version = "v0.3.2"

[[projects]]
  branch = "master"
  digest = "1:152df7c267702dc7962e411e0fff6fa114d3be611b3571a0a8c8162b0bf79a05"
  name = "golang.org/x/tools"
  packages = [
    "go/ast/astutil",
    "go/gcexportdata",
    "go/internal/gcimporter",
    "go/internal/packagesdriver",
    "go/packages",
    "go/types/typeutil",
    "imports",
    "internal/fastwalk",
    "internal/gopathwalk",
    "internal/imports",
    "internal/module",
    "internal/semver",
  ]
  pruneopts = "NUT"
  revision = "c9f9432ec4b21a28c4d47f172513698febb68e9c"

[[projects]]
  digest = "1:1b91ae0dc69a41d4c2ed23ea5cffb721ea63f5037ca4b81e6d6771fbb8f45129"
  name = "gopkg.in/fsnotify.v1"
  packages = ["."]
  pruneopts = "NUT"
  revision = "c2828203cd70a50dcccfb2761f8b1f8ceef9a8e9"
  source = "gopkg.in/fsnotify/fsnotify.v1"
  version = "v1.4.7"

[[projects]]
  branch = "v1"
  digest = "1:8fb1ccb16a6cfecbfdfeb84d8ea1cc7afa8f9ef16526bc2326f72d993e32cef1"
  name = "gopkg.in/tomb.v1"
  packages = ["."]
  pruneopts = "NUT"
  revision = "dd632973f1e7218eb1089048e0798ec9ae7dceb8"

[[projects]]
  digest = "1:accc3bfe4e404aa53ac3621470e7cf9fce1efe48f0fabcfe6d12a72579d9d91f"
  name = "gopkg.in/yaml.v2"
  packages = ["."]
  pruneopts = "NUT"
  revision = "f221b8435cfb71e54062f6c6e99e9ade30b124d5"
  version = "v2.2.4"

[solve-meta]
  analyzer-name = "dep"
  analyzer-version = 1
  input-imports = [
    "code.cloudfoundry.org/clock",
    "code.cloudfoundry.org/clock/fakeclock",
    "code.cloudfoundry.org/tlsconfig",
    "github.com/Microsoft/hcsshim",
    "github.com/aws/aws-sdk-go/aws",
    "github.com/aws/aws-sdk-go/aws/session",
    "github.com/aws/aws-sdk-go/service/s3",
    "github.com/aws/aws-sdk-go/service/s3/s3manager",
    "github.com/charlievieth/fs",
    "github.com/cloudfoundry/bosh-davcli/client",
    "github.com/cloudfoundry/bosh-davcli/config",
    "github.com/cloudfoundry/bosh-init/registry",
    "github.com/cloudfoundry/bosh-utils/assert",
    "github.com/cloudfoundry/bosh-utils/blobstore",
    "github.com/cloudfoundry/bosh-utils/blobstore/fakes",
    "github.com/cloudfoundry/bosh-utils/crypto",
    "github.com/cloudfoundry/bosh-utils/errors",
    "github.com/cloudfoundry/bosh-utils/fileutil",
    "github.com/cloudfoundry/bosh-utils/fileutil/fakes",
    "github.com/cloudfoundry/bosh-utils/httpclient",
    "github.com/cloudfoundry/bosh-utils/logger",
    "github.com/cloudfoundry/bosh-utils/logger/loggerfakes",
    "github.com/cloudfoundry/bosh-utils/retrystrategy",
    "github.com/cloudfoundry/bosh-utils/retrystrategy/fakes",
    "github.com/cloudfoundry/bosh-utils/system",
    "github.com/cloudfoundry/bosh-utils/system/fakes",
    "github.com/cloudfoundry/bosh-utils/uuid",
    "github.com/cloudfoundry/bosh-utils/uuid/fakes",
    "github.com/cloudfoundry/bosh-utils/work",
    "github.com/cloudfoundry/gosigar",
    "github.com/cloudfoundry/gosigar/fakes",
    "github.com/cloudfoundry/yagnats",
    "github.com/cloudfoundry/yagnats/fakeyagnats",
    "github.com/golang/mock/gomock",
    "github.com/google/uuid",
    "github.com/kevinburke/ssh_config",
    "github.com/masterzen/winrm",
    "github.com/maxbrunsfeld/counterfeiter",
    "github.com/mitchellh/mapstructure",
    "github.com/nats-io/nats",
    "github.com/onsi/ginkgo",
    "github.com/onsi/ginkgo/extensions/table",
    "github.com/onsi/ginkgo/ginkgo",
    "github.com/onsi/gomega",
    "github.com/onsi/gomega/format",
    "github.com/onsi/gomega/gbytes",
    "github.com/onsi/gomega/gexec",
    "github.com/onsi/gomega/ghttp",
    "github.com/onsi/gomega/types",
    "github.com/pivotal/go-smtpd/smtpd",
    "github.com/pkg/errors",
    "github.com/stretchr/testify/assert",
    "golang.org/x/crypto/ssh",
    "golang.org/x/net/html/charset",
    "golang.org/x/sys/windows",
    "golang.org/x/sys/windows/registry",
    "golang.org/x/sys/windows/svc",
    "golang.org/x/sys/windows/svc/mgr",
  ]
  solver-name = "gps-cdcl"
  solver-version = 1
